{
    "_readme": [
        "This file locks the dependencies of your project to a known state",
        "Read more about it at https://getcomposer.org/doc/01-basic-usage.md#installing-dependencies",
        "This file is @generated automatically"
    ],
    "content-hash": "3693144fe6b13c1c32ee1b4bbb4721e0",
    "packages": [
        {
            "name": "amphp/amp",
            "version": "v2.6.2",
            "source": {
                "type": "git",
                "url": "https://github.com/amphp/amp.git",
                "reference": "9d5100cebffa729aaffecd3ad25dc5aeea4f13bb"
            },
            "dist": {
                "type": "zip",
                "url": "https://api.github.com/repos/amphp/amp/zipball/9d5100cebffa729aaffecd3ad25dc5aeea4f13bb",
                "reference": "9d5100cebffa729aaffecd3ad25dc5aeea4f13bb",
                "shasum": ""
            },
            "require": {
                "php": ">=7.1"
            },
            "require-dev": {
                "amphp/php-cs-fixer-config": "dev-master",
                "amphp/phpunit-util": "^1",
                "ext-json": "*",
                "jetbrains/phpstorm-stubs": "^2019.3",
                "phpunit/phpunit": "^7 | ^8 | ^9",
                "psalm/phar": "^3.11@dev",
                "react/promise": "^2"
            },
            "type": "library",
            "extra": {
                "branch-alias": {
                    "dev-master": "2.x-dev"
                }
            },
            "autoload": {
                "files": [
                    "lib/functions.php",
                    "lib/Internal/functions.php"
                ],
                "psr-4": {
                    "Amp\\": "lib"
                }
            },
            "notification-url": "https://packagist.org/downloads/",
            "license": [
                "MIT"
            ],
            "authors": [
                {
                    "name": "Daniel Lowrey",
                    "email": "rdlowrey@php.net"
                },
                {
                    "name": "Aaron Piotrowski",
                    "email": "aaron@trowski.com"
                },
                {
                    "name": "Bob Weinand",
                    "email": "bobwei9@hotmail.com"
                },
                {
                    "name": "Niklas Keller",
                    "email": "me@kelunik.com"
                }
            ],
            "description": "A non-blocking concurrency framework for PHP applications.",
            "homepage": "https://amphp.org/amp",
            "keywords": [
                "async",
                "asynchronous",
                "awaitable",
                "concurrency",
                "event",
                "event-loop",
                "future",
                "non-blocking",
                "promise"
            ],
            "support": {
                "irc": "irc://irc.freenode.org/amphp",
                "issues": "https://github.com/amphp/amp/issues",
                "source": "https://github.com/amphp/amp/tree/v2.6.2"
            },
            "funding": [
                {
                    "url": "https://github.com/amphp",
                    "type": "github"
                }
            ],
            "time": "2022-02-20T17:52:18+00:00"
        },
        {
            "name": "amphp/byte-stream",
            "version": "v1.8.1",
            "source": {
                "type": "git",
                "url": "https://github.com/amphp/byte-stream.git",
                "reference": "acbd8002b3536485c997c4e019206b3f10ca15bd"
            },
            "dist": {
                "type": "zip",
                "url": "https://api.github.com/repos/amphp/byte-stream/zipball/acbd8002b3536485c997c4e019206b3f10ca15bd",
                "reference": "acbd8002b3536485c997c4e019206b3f10ca15bd",
                "shasum": ""
            },
            "require": {
                "amphp/amp": "^2",
                "php": ">=7.1"
            },
            "require-dev": {
                "amphp/php-cs-fixer-config": "dev-master",
                "amphp/phpunit-util": "^1.4",
                "friendsofphp/php-cs-fixer": "^2.3",
                "jetbrains/phpstorm-stubs": "^2019.3",
                "phpunit/phpunit": "^6 || ^7 || ^8",
                "psalm/phar": "^3.11.4"
            },
            "type": "library",
            "extra": {
                "branch-alias": {
                    "dev-master": "1.x-dev"
                }
            },
            "autoload": {
                "files": [
                    "lib/functions.php"
                ],
                "psr-4": {
                    "Amp\\ByteStream\\": "lib"
                }
            },
            "notification-url": "https://packagist.org/downloads/",
            "license": [
                "MIT"
            ],
            "authors": [
                {
                    "name": "Aaron Piotrowski",
                    "email": "aaron@trowski.com"
                },
                {
                    "name": "Niklas Keller",
                    "email": "me@kelunik.com"
                }
            ],
            "description": "A stream abstraction to make working with non-blocking I/O simple.",
            "homepage": "http://amphp.org/byte-stream",
            "keywords": [
                "amp",
                "amphp",
                "async",
                "io",
                "non-blocking",
                "stream"
            ],
            "support": {
                "irc": "irc://irc.freenode.org/amphp",
                "issues": "https://github.com/amphp/byte-stream/issues",
                "source": "https://github.com/amphp/byte-stream/tree/v1.8.1"
            },
            "funding": [
                {
                    "url": "https://github.com/amphp",
                    "type": "github"
                }
            ],
            "time": "2021-03-30T17:13:30+00:00"
        },
        {
            "name": "amphp/cache",
            "version": "v1.5.0",
            "source": {
                "type": "git",
                "url": "https://github.com/amphp/cache.git",
                "reference": "2b6b5dbb70e54cc914df9952ba7c012bc4cbcd28"
            },
            "dist": {
                "type": "zip",
                "url": "https://api.github.com/repos/amphp/cache/zipball/2b6b5dbb70e54cc914df9952ba7c012bc4cbcd28",
                "reference": "2b6b5dbb70e54cc914df9952ba7c012bc4cbcd28",
                "shasum": ""
            },
            "require": {
                "amphp/amp": "^2",
                "amphp/serialization": "^1",
                "amphp/sync": "^1.2",
                "php": ">=7.1"
            },
            "conflict": {
                "amphp/file": "<0.2 || >=3"
            },
            "require-dev": {
                "amphp/file": "^1 || ^2",
                "amphp/php-cs-fixer-config": "dev-master",
                "amphp/phpunit-util": "^1.1",
                "phpunit/phpunit": "^6 | ^7 | ^8 | ^9",
                "vimeo/psalm": "^4"
            },
            "type": "library",
            "autoload": {
                "psr-4": {
                    "Amp\\Cache\\": "lib"
                }
            },
            "notification-url": "https://packagist.org/downloads/",
            "license": [
                "MIT"
            ],
            "authors": [
                {
                    "name": "Niklas Keller",
                    "email": "me@kelunik.com"
                },
                {
                    "name": "Daniel Lowrey",
                    "email": "rdlowrey@php.net"
                }
            ],
            "description": "A promise-aware caching API for Amp.",
            "homepage": "https://github.com/amphp/cache",
            "support": {
                "irc": "irc://irc.freenode.org/amphp",
                "issues": "https://github.com/amphp/cache/issues",
                "source": "https://github.com/amphp/cache/tree/v1.5.0"
            },
            "funding": [
                {
                    "url": "https://github.com/amphp",
                    "type": "github"
                }
            ],
            "time": "2021-06-29T17:12:43+00:00"
        },
        {
            "name": "amphp/dns",
            "version": "v0.9.15",
            "source": {
                "type": "git",
                "url": "https://github.com/amphp/dns.git",
                "reference": "2a3e7376f42b289230c0921aceaec5bbf253299d"
            },
            "dist": {
                "type": "zip",
                "url": "https://api.github.com/repos/amphp/dns/zipball/2a3e7376f42b289230c0921aceaec5bbf253299d",
                "reference": "2a3e7376f42b289230c0921aceaec5bbf253299d",
                "shasum": ""
            },
            "require": {
                "amphp/amp": "^2",
                "amphp/byte-stream": "^1.1",
                "amphp/cache": "^1.2",
                "amphp/parser": "^1",
                "amphp/windows-registry": "^0.3",
                "daverandom/libdns": "^2.0.1",
                "ext-filter": "*",
                "php": ">=7.0"
            },
            "require-dev": {
                "amphp/php-cs-fixer-config": "dev-master",
                "amphp/phpunit-util": "^1",
                "phpunit/phpunit": "^6"
            },
            "type": "library",
            "autoload": {
                "files": [
                    "lib/functions.php"
                ],
                "psr-4": {
                    "Amp\\Dns\\": "lib"
                }
            },
            "notification-url": "https://packagist.org/downloads/",
            "license": [
                "MIT"
            ],
            "authors": [
                {
                    "name": "Bob Weinand",
                    "email": "bobwei9@hotmail.com"
                },
                {
                    "name": "Niklas Keller",
                    "email": "me@kelunik.com"
                },
                {
                    "name": "Daniel Lowrey",
                    "email": "rdlowrey@php.net"
                },
                {
                    "name": "Chris Wright",
                    "email": "addr@daverandom.com"
                },
                {
                    "name": "Aaron Piotrowski",
                    "email": "aaron@trowski.com"
                }
            ],
            "description": "Async DNS resolution for Amp.",
            "homepage": "https://github.com/amphp/dns",
            "keywords": [
                "amp",
                "amphp",
                "async",
                "client",
                "dns",
                "resolve"
            ],
            "support": {
                "issues": "https://github.com/amphp/dns/issues",
                "source": "https://github.com/amphp/dns/tree/v0.9.15"
            },
            "time": "2019-07-08T20:58:50+00:00"
        },
        {
            "name": "amphp/file",
            "version": "v0.3.5",
            "source": {
                "type": "git",
                "url": "https://github.com/amphp/file.git",
                "reference": "ba57064e7c0cbcae89429afb2ba93b8f31bd7fc8"
            },
            "dist": {
                "type": "zip",
                "url": "https://api.github.com/repos/amphp/file/zipball/ba57064e7c0cbcae89429afb2ba93b8f31bd7fc8",
                "reference": "ba57064e7c0cbcae89429afb2ba93b8f31bd7fc8",
                "shasum": ""
            },
            "require": {
                "amphp/amp": "^2",
                "amphp/byte-stream": "^1",
                "amphp/parallel": "^1"
            },
            "require-dev": {
                "amphp/php-cs-fixer-config": "dev-master",
                "amphp/phpunit-util": "^1",
                "phpunit/phpunit": "^6"
            },
            "type": "library",
            "autoload": {
                "files": [
                    "lib/functions.php"
                ],
                "psr-4": {
                    "Amp\\File\\": "lib"
                }
            },
            "notification-url": "https://packagist.org/downloads/",
            "license": [
                "MIT"
            ],
            "authors": [
                {
                    "name": "Niklas Keller",
                    "email": "me@kelunik.com"
                },
                {
                    "name": "Daniel Lowrey",
                    "email": "rdlowrey@php.net"
                },
                {
                    "name": "Aaron Piotrowski",
                    "email": "aaron@trowski.com"
                }
            ],
            "description": "Allows non-blocking access to the filesystem for Amp.",
            "homepage": "https://github.com/amphp/file",
            "keywords": [
                "amp",
                "amphp",
                "async",
                "disk",
                "file",
                "filesystem",
                "io",
                "non-blocking",
                "static"
            ],
            "support": {
                "issues": "https://github.com/amphp/file/issues",
                "source": "https://github.com/amphp/file/tree/v0.3.x"
            },
            "time": "2019-03-01T16:38:04+00:00"
        },
        {
            "name": "amphp/mysql",
            "version": "v1.2.1",
            "source": {
                "type": "git",
                "url": "https://github.com/amphp/mysql.git",
                "reference": "739710af58413265e5386c8a777bf145ba2742c0"
            },
            "dist": {
                "type": "zip",
                "url": "https://api.github.com/repos/amphp/mysql/zipball/739710af58413265e5386c8a777bf145ba2742c0",
                "reference": "739710af58413265e5386c8a777bf145ba2742c0",
                "shasum": ""
            },
            "require": {
                "amphp/amp": "^2",
                "amphp/file": "^0.3.5",
                "amphp/socket": "^0.10.9",
                "amphp/sql": "^1",
                "amphp/sql-common": "^1",
                "php": "^7.0"
            },
            "require-dev": {
                "amphp/php-cs-fixer-config": "dev-master",
                "amphp/phpunit-util": "^1",
                "phpbench/phpbench": "^0.13.0",
                "phpunit/phpunit": "^6"
            },
            "type": "library",
            "autoload": {
                "files": [
                    "src/functions.php"
                ],
                "psr-4": {
                    "Amp\\Mysql\\": "src"
                }
            },
            "notification-url": "https://packagist.org/downloads/",
            "license": [
                "MIT"
            ],
            "authors": [
                {
                    "name": "Bob Weinand",
                    "email": "bobwei9@hotmail.com"
                },
                {
                    "name": "Aaron Piotrowski",
                    "email": "aaron@trowski.com"
                }
            ],
            "description": "Asynchronous MySQL client for PHP based on Amp.",
            "support": {
                "issues": "https://github.com/amphp/mysql/issues",
                "source": "https://github.com/amphp/mysql/tree/v1.2.1"
            },
            "time": "2019-12-13T12:24:07+00:00"
        },
        {
            "name": "amphp/parallel",
            "version": "v1.4.2",
            "source": {
                "type": "git",
                "url": "https://github.com/amphp/parallel.git",
                "reference": "75853e1623efa5aa5e65e986ec9a97db573a5267"
            },
            "dist": {
                "type": "zip",
                "url": "https://api.github.com/repos/amphp/parallel/zipball/75853e1623efa5aa5e65e986ec9a97db573a5267",
                "reference": "75853e1623efa5aa5e65e986ec9a97db573a5267",
                "shasum": ""
            },
            "require": {
                "amphp/amp": "^2",
                "amphp/byte-stream": "^1.6.1",
                "amphp/parser": "^1",
                "amphp/process": "^1",
                "amphp/serialization": "^1",
                "amphp/sync": "^1.0.1",
                "php": ">=7.1"
            },
            "require-dev": {
                "amphp/php-cs-fixer-config": "dev-master",
                "amphp/phpunit-util": "^1.1",
                "phpunit/phpunit": "^8 || ^7"
            },
            "type": "library",
            "autoload": {
                "files": [
                    "lib/Context/functions.php",
                    "lib/Sync/functions.php",
                    "lib/Worker/functions.php"
                ],
                "psr-4": {
                    "Amp\\Parallel\\": "lib"
                }
            },
            "notification-url": "https://packagist.org/downloads/",
            "license": [
                "MIT"
            ],
            "authors": [
                {
                    "name": "Aaron Piotrowski",
                    "email": "aaron@trowski.com"
                },
                {
                    "name": "Stephen Coakley",
                    "email": "me@stephencoakley.com"
                }
            ],
            "description": "Parallel processing component for Amp.",
            "homepage": "https://github.com/amphp/parallel",
            "keywords": [
                "async",
                "asynchronous",
                "concurrent",
                "multi-processing",
                "multi-threading"
            ],
            "support": {
                "issues": "https://github.com/amphp/parallel/issues",
                "source": "https://github.com/amphp/parallel/tree/v1.4.2"
            },
            "funding": [
                {
                    "url": "https://github.com/amphp",
                    "type": "github"
                }
            ],
            "time": "2022-12-30T00:21:42+00:00"
        },
        {
            "name": "amphp/parser",
            "version": "v1.0.0",
            "source": {
                "type": "git",
                "url": "https://github.com/amphp/parser.git",
                "reference": "f83e68f03d5b8e8e0365b8792985a7f341c57ae1"
            },
            "dist": {
                "type": "zip",
                "url": "https://api.github.com/repos/amphp/parser/zipball/f83e68f03d5b8e8e0365b8792985a7f341c57ae1",
                "reference": "f83e68f03d5b8e8e0365b8792985a7f341c57ae1",
                "shasum": ""
            },
            "require": {
                "php": ">=7"
            },
            "require-dev": {
                "friendsofphp/php-cs-fixer": "^2.3",
                "phpunit/phpunit": "^6"
            },
            "type": "library",
            "autoload": {
                "psr-4": {
                    "Amp\\Parser\\": "lib"
                }
            },
            "notification-url": "https://packagist.org/downloads/",
            "license": [
                "MIT"
            ],
            "authors": [
                {
                    "name": "Niklas Keller",
                    "email": "me@kelunik.com"
                },
                {
                    "name": "Aaron Piotrowski",
                    "email": "aaron@trowski.com"
                }
            ],
            "description": "A generator parser to make streaming parsers simple.",
            "homepage": "https://github.com/amphp/parser",
            "keywords": [
                "async",
                "non-blocking",
                "parser",
                "stream"
            ],
            "support": {
                "issues": "https://github.com/amphp/parser/issues",
                "source": "https://github.com/amphp/parser/tree/is-valid"
            },
            "time": "2017-06-06T05:29:10+00:00"
        },
        {
            "name": "amphp/process",
            "version": "v1.1.4",
            "source": {
                "type": "git",
                "url": "https://github.com/amphp/process.git",
                "reference": "76e9495fd6818b43a20167cb11d8a67f7744ee0f"
            },
            "dist": {
                "type": "zip",
                "url": "https://api.github.com/repos/amphp/process/zipball/76e9495fd6818b43a20167cb11d8a67f7744ee0f",
                "reference": "76e9495fd6818b43a20167cb11d8a67f7744ee0f",
                "shasum": ""
            },
            "require": {
                "amphp/amp": "^2",
                "amphp/byte-stream": "^1.4",
                "php": ">=7"
            },
            "require-dev": {
                "amphp/php-cs-fixer-config": "dev-master",
                "amphp/phpunit-util": "^1",
                "phpunit/phpunit": "^6"
            },
            "type": "library",
            "autoload": {
                "files": [
                    "lib/functions.php"
                ],
                "psr-4": {
                    "Amp\\Process\\": "lib"
                }
            },
            "notification-url": "https://packagist.org/downloads/",
            "license": [
                "MIT"
            ],
            "authors": [
                {
                    "name": "Bob Weinand",
                    "email": "bobwei9@hotmail.com"
                },
                {
                    "name": "Aaron Piotrowski",
                    "email": "aaron@trowski.com"
                },
                {
                    "name": "Niklas Keller",
                    "email": "me@kelunik.com"
                }
            ],
            "description": "Asynchronous process manager.",
            "homepage": "https://github.com/amphp/process",
            "support": {
                "issues": "https://github.com/amphp/process/issues",
                "source": "https://github.com/amphp/process/tree/v1.1.4"
            },
            "funding": [
                {
                    "url": "https://github.com/amphp",
                    "type": "github"
                }
            ],
            "time": "2022-07-06T23:50:12+00:00"
        },
        {
            "name": "amphp/serialization",
            "version": "v1.0.0",
            "source": {
                "type": "git",
                "url": "https://github.com/amphp/serialization.git",
                "reference": "693e77b2fb0b266c3c7d622317f881de44ae94a1"
            },
            "dist": {
                "type": "zip",
                "url": "https://api.github.com/repos/amphp/serialization/zipball/693e77b2fb0b266c3c7d622317f881de44ae94a1",
                "reference": "693e77b2fb0b266c3c7d622317f881de44ae94a1",
                "shasum": ""
            },
            "require": {
                "php": ">=7.1"
            },
            "require-dev": {
                "amphp/php-cs-fixer-config": "dev-master",
                "phpunit/phpunit": "^9 || ^8 || ^7"
            },
            "type": "library",
            "autoload": {
                "files": [
                    "src/functions.php"
                ],
                "psr-4": {
                    "Amp\\Serialization\\": "src"
                }
            },
            "notification-url": "https://packagist.org/downloads/",
            "license": [
                "MIT"
            ],
            "authors": [
                {
                    "name": "Aaron Piotrowski",
                    "email": "aaron@trowski.com"
                },
                {
                    "name": "Niklas Keller",
                    "email": "me@kelunik.com"
                }
            ],
            "description": "Serialization tools for IPC and data storage in PHP.",
            "homepage": "https://github.com/amphp/serialization",
            "keywords": [
                "async",
                "asynchronous",
                "serialization",
                "serialize"
            ],
            "support": {
                "issues": "https://github.com/amphp/serialization/issues",
                "source": "https://github.com/amphp/serialization/tree/master"
            },
            "time": "2020-03-25T21:39:07+00:00"
        },
        {
            "name": "amphp/socket",
            "version": "v0.10.13",
            "source": {
                "type": "git",
                "url": "https://github.com/amphp/socket.git",
                "reference": "d84f6e09675488a52fb6ff5e2d53ecc5d587667a"
            },
            "dist": {
                "type": "zip",
                "url": "https://api.github.com/repos/amphp/socket/zipball/d84f6e09675488a52fb6ff5e2d53ecc5d587667a",
                "reference": "d84f6e09675488a52fb6ff5e2d53ecc5d587667a",
                "shasum": ""
            },
            "require": {
                "amphp/amp": "^2",
                "amphp/byte-stream": "^1.1",
                "amphp/dns": "^0.9",
                "amphp/uri": "^0.1",
                "php": ">=7.0"
            },
            "require-dev": {
                "amphp/phpunit-util": "^1",
                "friendsofphp/php-cs-fixer": "^2.3",
                "phpunit/phpunit": "^6"
            },
            "type": "library",
            "autoload": {
                "files": [
                    "src/functions.php",
                    "src/Internal/functions.php"
                ],
                "psr-4": {
                    "Amp\\Socket\\": "src"
                }
            },
            "notification-url": "https://packagist.org/downloads/",
            "license": [
                "MIT"
            ],
            "authors": [
                {
                    "name": "Daniel Lowrey",
                    "email": "rdlowrey@gmail.com"
                },
                {
                    "name": "Aaron Piotrowski",
                    "email": "aaron@trowski.com"
                },
                {
                    "name": "Niklas Keller",
                    "email": "me@kelunik.com"
                }
            ],
            "description": "Async socket connection / server tools for Amp.",
            "homepage": "https://github.com/amphp/socket",
            "keywords": [
                "amp",
                "async",
                "encryption",
                "non-blocking",
                "sockets",
                "tcp",
                "tls"
            ],
            "support": {
                "issues": "https://github.com/amphp/socket/issues",
                "source": "https://github.com/amphp/socket/tree/v0.10.x"
            },
            "time": "2019-11-05T22:34:12+00:00"
        },
        {
            "name": "amphp/sql",
            "version": "v1.0.2",
            "source": {
                "type": "git",
                "url": "https://github.com/amphp/sql.git",
                "reference": "5a1dcfd9a3c3518826c616b4d0b0fa0363f087fa"
            },
            "dist": {
                "type": "zip",
                "url": "https://api.github.com/repos/amphp/sql/zipball/5a1dcfd9a3c3518826c616b4d0b0fa0363f087fa",
                "reference": "5a1dcfd9a3c3518826c616b4d0b0fa0363f087fa",
                "shasum": ""
            },
            "require": {
                "amphp/amp": "^2",
                "php": ">=7.1"
            },
            "require-dev": {
                "amphp/php-cs-fixer-config": "dev-master",
                "phpunit/phpunit": "^8"
            },
            "type": "library",
            "autoload": {
                "psr-4": {
                    "Amp\\Sql\\": "src"
                }
            },
            "notification-url": "https://packagist.org/downloads/",
            "license": [
                "MIT"
            ],
            "description": "Asynchronous SQL client for Amp.",
            "homepage": "http://amphp.org",
            "keywords": [
                "async",
                "asynchronous",
                "database",
                "db",
                "sql"
            ],
            "support": {
                "issues": "https://github.com/amphp/sql/issues",
                "source": "https://github.com/amphp/sql/tree/v1.0.2"
            },
            "funding": [
                {
                    "url": "https://github.com/amphp",
                    "type": "github"
                }
            ],
            "time": "2022-12-18T22:54:18+00:00"
        },
        {
            "name": "amphp/sql-common",
            "version": "v1.1.4",
            "source": {
                "type": "git",
                "url": "https://github.com/amphp/sql-common.git",
                "reference": "6ed5b96d26528bd56213ebb867a2992e7a0b8278"
            },
            "dist": {
                "type": "zip",
                "url": "https://api.github.com/repos/amphp/sql-common/zipball/6ed5b96d26528bd56213ebb867a2992e7a0b8278",
                "reference": "6ed5b96d26528bd56213ebb867a2992e7a0b8278",
                "shasum": ""
            },
            "require": {
                "amphp/amp": "^2",
                "amphp/sql": "^1",
                "php": ">=7"
            },
            "require-dev": {
                "amphp/php-cs-fixer-config": "dev-master",
                "amphp/phpunit-util": "^1.3",
                "phpunit/phpunit": "^6 || ^7 || ^8 || ^9"
            },
            "type": "library",
            "autoload": {
                "psr-4": {
                    "Amp\\Sql\\Common\\": "src"
                }
            },
            "notification-url": "https://packagist.org/downloads/",
            "license": [
                "MIT"
            ],
            "description": "Common classes for non-blocking SQL implementations.",
            "homepage": "http://amphp.org",
            "keywords": [
                "async",
                "asynchronous",
                "database",
                "db",
                "sql"
            ],
            "support": {
                "issues": "https://github.com/amphp/sql-common/issues",
                "source": "https://github.com/amphp/sql-common/tree/v1.1.4"
            },
            "funding": [
                {
                    "url": "https://github.com/amphp",
                    "type": "github"
                }
            ],
            "time": "2023-01-06T04:22:36+00:00"
        },
        {
            "name": "amphp/sync",
            "version": "v1.4.2",
            "source": {
                "type": "git",
                "url": "https://github.com/amphp/sync.git",
                "reference": "85ab06764f4f36d63b1356b466df6111cf4b89cf"
            },
            "dist": {
                "type": "zip",
                "url": "https://api.github.com/repos/amphp/sync/zipball/85ab06764f4f36d63b1356b466df6111cf4b89cf",
                "reference": "85ab06764f4f36d63b1356b466df6111cf4b89cf",
                "shasum": ""
            },
            "require": {
                "amphp/amp": "^2.2",
                "php": ">=7.1"
            },
            "require-dev": {
                "amphp/php-cs-fixer-config": "dev-master",
                "amphp/phpunit-util": "^1.1",
                "phpunit/phpunit": "^9 || ^8 || ^7"
            },
            "type": "library",
            "autoload": {
                "files": [
                    "src/functions.php",
                    "src/ConcurrentIterator/functions.php"
                ],
                "psr-4": {
                    "Amp\\Sync\\": "src"
                }
            },
            "notification-url": "https://packagist.org/downloads/",
            "license": [
                "MIT"
            ],
            "authors": [
                {
                    "name": "Aaron Piotrowski",
                    "email": "aaron@trowski.com"
                },
                {
                    "name": "Stephen Coakley",
                    "email": "me@stephencoakley.com"
                }
            ],
            "description": "Mutex, Semaphore, and other synchronization tools for Amp.",
            "homepage": "https://github.com/amphp/sync",
            "keywords": [
                "async",
                "asynchronous",
                "mutex",
                "semaphore",
                "synchronization"
            ],
            "support": {
                "issues": "https://github.com/amphp/sync/issues",
                "source": "https://github.com/amphp/sync/tree/v1.4.2"
            },
            "funding": [
                {
                    "url": "https://github.com/amphp",
                    "type": "github"
                }
            ],
            "time": "2021-10-25T18:29:10+00:00"
        },
        {
            "name": "amphp/uri",
            "version": "v0.1.4",
            "source": {
                "type": "git",
                "url": "https://github.com/amphp/uri.git",
                "reference": "30065946d5c69f44c8a47bf8838244029984ff61"
            },
            "dist": {
                "type": "zip",
                "url": "https://api.github.com/repos/amphp/uri/zipball/30065946d5c69f44c8a47bf8838244029984ff61",
                "reference": "30065946d5c69f44c8a47bf8838244029984ff61",
                "shasum": ""
            },
            "require-dev": {
                "friendsofphp/php-cs-fixer": "^2.3",
                "phpunit/phpunit": "^6"
            },
            "type": "library",
            "autoload": {
                "files": [
                    "src/functions.php"
                ],
                "psr-4": {
                    "Amp\\Uri\\": "src"
                }
            },
            "notification-url": "https://packagist.org/downloads/",
            "license": [
                "MIT"
            ],
            "authors": [
                {
                    "name": "Niklas Keller",
                    "email": "me@kelunik.com"
                },
                {
                    "name": "Daniel Lowrey"
                }
            ],
            "description": "Uri Parser and Resolver.",
            "homepage": "https://github.com/amphp/uri",
            "support": {
                "issues": "https://github.com/amphp/uri/issues",
                "source": "https://github.com/amphp/uri/tree/v0.1.4"
            },
            "time": "2019-05-13T18:25:34+00:00"
        },
        {
            "name": "amphp/windows-registry",
            "version": "v0.3.3",
            "source": {
                "type": "git",
                "url": "https://github.com/amphp/windows-registry.git",
                "reference": "0f56438b9197e224325e88f305346f0221df1f71"
            },
            "dist": {
                "type": "zip",
                "url": "https://api.github.com/repos/amphp/windows-registry/zipball/0f56438b9197e224325e88f305346f0221df1f71",
                "reference": "0f56438b9197e224325e88f305346f0221df1f71",
                "shasum": ""
            },
            "require": {
                "amphp/amp": "^2",
                "amphp/byte-stream": "^1.4",
                "amphp/process": "^1"
            },
            "require-dev": {
                "amphp/php-cs-fixer-config": "dev-master"
            },
            "type": "library",
            "autoload": {
                "psr-4": {
                    "Amp\\WindowsRegistry\\": "lib"
                }
            },
            "notification-url": "https://packagist.org/downloads/",
            "license": [
                "MIT"
            ],
            "authors": [
                {
                    "name": "Niklas Keller",
                    "email": "me@kelunik.com"
                }
            ],
            "description": "Windows Registry Reader.",
            "support": {
                "issues": "https://github.com/amphp/windows-registry/issues",
                "source": "https://github.com/amphp/windows-registry/tree/master"
            },
            "funding": [
                {
                    "url": "https://github.com/amphp",
                    "type": "github"
                }
            ],
            "time": "2020-07-10T16:13:29+00:00"
        },
        {
            "name": "daverandom/libdns",
            "version": "v2.0.3",
            "source": {
                "type": "git",
                "url": "https://github.com/DaveRandom/LibDNS.git",
                "reference": "42c2d700d1178c9f9e78664793463f7f1aea248c"
            },
            "dist": {
                "type": "zip",
                "url": "https://api.github.com/repos/DaveRandom/LibDNS/zipball/42c2d700d1178c9f9e78664793463f7f1aea248c",
                "reference": "42c2d700d1178c9f9e78664793463f7f1aea248c",
                "shasum": ""
            },
            "require": {
                "ext-ctype": "*",
                "php": ">=7.0"
            },
            "suggest": {
                "ext-intl": "Required for IDN support"
            },
            "type": "library",
            "autoload": {
                "files": [
                    "src/functions.php"
                ],
                "psr-4": {
                    "LibDNS\\": "src/"
                }
            },
            "notification-url": "https://packagist.org/downloads/",
            "license": [
                "MIT"
            ],
            "description": "DNS protocol implementation written in pure PHP",
            "keywords": [
                "dns"
            ],
            "support": {
                "issues": "https://github.com/DaveRandom/LibDNS/issues",
                "source": "https://github.com/DaveRandom/LibDNS/tree/v2.0.3"
            },
            "time": "2022-09-20T18:15:38+00:00"
        },
        {
            "name": "fzaninotto/faker",
            "version": "v1.9.2",
            "source": {
                "type": "git",
                "url": "https://github.com/fzaninotto/Faker.git",
                "reference": "848d8125239d7dbf8ab25cb7f054f1a630e68c2e"
            },
            "dist": {
                "type": "zip",
                "url": "https://api.github.com/repos/fzaninotto/Faker/zipball/848d8125239d7dbf8ab25cb7f054f1a630e68c2e",
                "reference": "848d8125239d7dbf8ab25cb7f054f1a630e68c2e",
                "shasum": ""
            },
            "require": {
                "php": "^5.3.3 || ^7.0"
            },
            "require-dev": {
                "ext-intl": "*",
                "phpunit/phpunit": "^4.8.35 || ^5.7",
                "squizlabs/php_codesniffer": "^2.9.2"
            },
            "type": "library",
            "extra": {
                "branch-alias": {
                    "dev-master": "1.9-dev"
                }
            },
            "autoload": {
                "psr-4": {
                    "Faker\\": "src/Faker/"
                }
            },
            "notification-url": "https://packagist.org/downloads/",
            "license": [
                "MIT"
            ],
            "authors": [
                {
                    "name": "François Zaninotto"
                }
            ],
            "description": "Faker is a PHP library that generates fake data for you.",
            "keywords": [
                "data",
                "faker",
                "fixtures"
            ],
            "support": {
                "issues": "https://github.com/fzaninotto/Faker/issues",
                "source": "https://github.com/fzaninotto/Faker/tree/v1.9.2"
            },
            "abandoned": true,
            "time": "2020-12-11T09:56:16+00:00"
        },
        {
            "name": "n3xt0r/mysql-data-anonymizer",
            "version": "1.1.6",
            "source": {
                "type": "git",
                "url": "https://github.com/N3XT0R/mysql-data-anonymizer.git",
                "reference": "bbecbad01f1c7eb0dccb258a1043510fb07819cf"
            },
            "dist": {
                "type": "zip",
                "url": "https://api.github.com/repos/N3XT0R/mysql-data-anonymizer/zipball/bbecbad01f1c7eb0dccb258a1043510fb07819cf",
                "reference": "bbecbad01f1c7eb0dccb258a1043510fb07819cf",
                "shasum": ""
            },
            "require": {
                "amphp/mysql": "^1.1",
                "fzaninotto/faker": "^1.8",
                "php": ">=7.2"
            },
            "type": "library",
            "autoload": {
                "psr-4": {
                    "Globalis\\MysqlDataAnonymizer\\": "src/"
                }
            },
            "notification-url": "https://packagist.org/downloads/",
            "authors": [
                {
                    "name": "Heng ZENG",
                    "email": "heng.zeng@globalis-ms.com"
                },
                {
                    "name": "Ilya Beliaev",
                    "email": "info@php-dev.info"
                }
            ],
            "description": "Anonymize sensitive datas in test database",
            "support": {
                "source": "https://github.com/N3XT0R/mysql-data-anonymizer/tree/1.1.6"
            },
            "time": "2021-01-26T11:14:51+00:00"
        }
    ],
    "packages-dev": [],
    "aliases": [],
    "minimum-stability": "stable",
    "stability-flags": [],
    "prefer-stable": false,
    "prefer-lowest": false,
    "platform": [],
    "platform-dev": [],
    "plugin-api-version": "2.3.0"
}
